// !$*UTF8*$!
{
	archiveVersion = 1;
	classes = {
	};
	objectVersion = 46;
	objects = {

/* Begin PBXBuildFile section */
		5F089B5F18FD169B002476CB /* PGSettingsViewController.m in Sources */ = {isa = PBXBuildFile; fileRef = 5F089B5E18FD169B002476CB /* PGSettingsViewController.m */; };
		5F089B6118FD2B5F002476CB /* iAd.framework in Frameworks */ = {isa = PBXBuildFile; fileRef = 5F089B6018FD2B5F002476CB /* iAd.framework */; };
		5F089B6718FD56A3002476CB /* PGFestifyTrackProvider.m in Sources */ = {isa = PBXBuildFile; fileRef = 5F089B6618FD56A3002476CB /* PGFestifyTrackProvider.m */; };
		5F0956C618FDAE5F00ECB853 /* NSMutableArray+Shuffling.m in Sources */ = {isa = PBXBuildFile; fileRef = 5F0956C518FDAE5F00ECB853 /* NSMutableArray+Shuffling.m */; };
		5F1CF46318FD9782009E4791 /* PGPlayerViewController.m in Sources */ = {isa = PBXBuildFile; fileRef = 5F1CF46218FD9782009E4791 /* PGPlayerViewController.m */; };
		5F1F9BD518FC31B10030A64B /* Spotify.framework in Frameworks */ = {isa = PBXBuildFile; fileRef = 5F1F9BD418FC31B10030A64B /* Spotify.framework */; };
		5F1F9BD718FC31B70030A64B /* AVFoundation.framework in Frameworks */ = {isa = PBXBuildFile; fileRef = 5F1F9BD618FC31B70030A64B /* AVFoundation.framework */; };
		5F423A6118FC115200C3ED75 /* Foundation.framework in Frameworks */ = {isa = PBXBuildFile; fileRef = 5F423A6018FC115200C3ED75 /* Foundation.framework */; };
		5F423A6318FC115200C3ED75 /* CoreGraphics.framework in Frameworks */ = {isa = PBXBuildFile; fileRef = 5F423A6218FC115200C3ED75 /* CoreGraphics.framework */; };
		5F423A6518FC115200C3ED75 /* UIKit.framework in Frameworks */ = {isa = PBXBuildFile; fileRef = 5F423A6418FC115200C3ED75 /* UIKit.framework */; };
		5F423A6B18FC115200C3ED75 /* InfoPlist.strings in Resources */ = {isa = PBXBuildFile; fileRef = 5F423A6918FC115200C3ED75 /* InfoPlist.strings */; };
		5F423A6D18FC115200C3ED75 /* main.m in Sources */ = {isa = PBXBuildFile; fileRef = 5F423A6C18FC115200C3ED75 /* main.m */; };
		5F423A7118FC115200C3ED75 /* PGAppDelegate.m in Sources */ = {isa = PBXBuildFile; fileRef = 5F423A7018FC115200C3ED75 /* PGAppDelegate.m */; };
		5F423A7318FC115200C3ED75 /* Images.xcassets in Resources */ = {isa = PBXBuildFile; fileRef = 5F423A7218FC115200C3ED75 /* Images.xcassets */; };
		5F423A7A18FC115200C3ED75 /* XCTest.framework in Frameworks */ = {isa = PBXBuildFile; fileRef = 5F423A7918FC115200C3ED75 /* XCTest.framework */; };
		5F423A7B18FC115200C3ED75 /* Foundation.framework in Frameworks */ = {isa = PBXBuildFile; fileRef = 5F423A6018FC115200C3ED75 /* Foundation.framework */; };
		5F423A7C18FC115200C3ED75 /* UIKit.framework in Frameworks */ = {isa = PBXBuildFile; fileRef = 5F423A6418FC115200C3ED75 /* UIKit.framework */; };
		5F423A8418FC115200C3ED75 /* InfoPlist.strings in Resources */ = {isa = PBXBuildFile; fileRef = 5F423A8218FC115200C3ED75 /* InfoPlist.strings */; };
		5F423A8618FC115200C3ED75 /* FestifyTests.m in Sources */ = {isa = PBXBuildFile; fileRef = 5F423A8518FC115200C3ED75 /* FestifyTests.m */; };
		5F423A9018FC118B00C3ED75 /* Storyboard.storyboard in Resources */ = {isa = PBXBuildFile; fileRef = 5F423A8F18FC118B00C3ED75 /* Storyboard.storyboard */; };
		5F521D2E18FF013800B915B7 /* PGFestifyViewController.m in Sources */ = {isa = PBXBuildFile; fileRef = 5F521D2D18FF013800B915B7 /* PGFestifyViewController.m */; };
		5F5A162318FC535100E408DC /* PGDiscoveryManager.m in Sources */ = {isa = PBXBuildFile; fileRef = 5F5A162218FC535100E408DC /* PGDiscoveryManager.m */; };
		5F5A162518FC53DA00E408DC /* CoreBluetooth.framework in Frameworks */ = {isa = PBXBuildFile; fileRef = 5F5A162418FC53DA00E408DC /* CoreBluetooth.framework */; };
		5F88929018FEFA6000620589 /* PGLoginViewController.m in Sources */ = {isa = PBXBuildFile; fileRef = 5F88928F18FEFA6000620589 /* PGLoginViewController.m */; };
/* End PBXBuildFile section */

/* Begin PBXContainerItemProxy section */
		5F423A7D18FC115200C3ED75 /* PBXContainerItemProxy */ = {
			isa = PBXContainerItemProxy;
			containerPortal = 5F423A5518FC115200C3ED75 /* Project object */;
			proxyType = 1;
			remoteGlobalIDString = 5F423A5C18FC115200C3ED75;
			remoteInfo = Festify;
		};
/* End PBXContainerItemProxy section */

/* Begin PBXFileReference section */
		5F089B5D18FD169B002476CB /* PGSettingsViewController.h */ = {isa = PBXFileReference; fileEncoding = 4; lastKnownFileType = sourcecode.c.h; path = PGSettingsViewController.h; sourceTree = "<group>"; };
		5F089B5E18FD169B002476CB /* PGSettingsViewController.m */ = {isa = PBXFileReference; fileEncoding = 4; lastKnownFileType = sourcecode.c.objc; path = PGSettingsViewController.m; sourceTree = "<group>"; };
		5F089B6018FD2B5F002476CB /* iAd.framework */ = {isa = PBXFileReference; lastKnownFileType = wrapper.framework; name = iAd.framework; path = System/Library/Frameworks/iAd.framework; sourceTree = SDKROOT; };
		5F089B6518FD56A3002476CB /* PGFestifyTrackProvider.h */ = {isa = PBXFileReference; fileEncoding = 4; lastKnownFileType = sourcecode.c.h; path = PGFestifyTrackProvider.h; sourceTree = "<group>"; };
		5F089B6618FD56A3002476CB /* PGFestifyTrackProvider.m */ = {isa = PBXFileReference; fileEncoding = 4; lastKnownFileType = sourcecode.c.objc; path = PGFestifyTrackProvider.m; sourceTree = "<group>"; };
		5F0956C418FDAE5F00ECB853 /* NSMutableArray+Shuffling.h */ = {isa = PBXFileReference; fileEncoding = 4; lastKnownFileType = sourcecode.c.h; path = "NSMutableArray+Shuffling.h"; sourceTree = "<group>"; };
		5F0956C518FDAE5F00ECB853 /* NSMutableArray+Shuffling.m */ = {isa = PBXFileReference; fileEncoding = 4; lastKnownFileType = sourcecode.c.objc; path = "NSMutableArray+Shuffling.m"; sourceTree = "<group>"; };
		5F1CF46118FD9782009E4791 /* PGPlayerViewController.h */ = {isa = PBXFileReference; fileEncoding = 4; lastKnownFileType = sourcecode.c.h; path = PGPlayerViewController.h; sourceTree = "<group>"; };
		5F1CF46218FD9782009E4791 /* PGPlayerViewController.m */ = {isa = PBXFileReference; fileEncoding = 4; lastKnownFileType = sourcecode.c.objc; path = PGPlayerViewController.m; sourceTree = "<group>"; };
		5F1F9BD418FC31B10030A64B /* Spotify.framework */ = {isa = PBXFileReference; lastKnownFileType = wrapper.framework; path = Spotify.framework; sourceTree = "<group>"; };
		5F1F9BD618FC31B70030A64B /* AVFoundation.framework */ = {isa = PBXFileReference; lastKnownFileType = wrapper.framework; name = AVFoundation.framework; path = System/Library/Frameworks/AVFoundation.framework; sourceTree = SDKROOT; };
		5F423A5D18FC115200C3ED75 /* Festify.app */ = {isa = PBXFileReference; explicitFileType = wrapper.application; includeInIndex = 0; path = Festify.app; sourceTree = BUILT_PRODUCTS_DIR; };
		5F423A6018FC115200C3ED75 /* Foundation.framework */ = {isa = PBXFileReference; lastKnownFileType = wrapper.framework; name = Foundation.framework; path = System/Library/Frameworks/Foundation.framework; sourceTree = SDKROOT; };
		5F423A6218FC115200C3ED75 /* CoreGraphics.framework */ = {isa = PBXFileReference; lastKnownFileType = wrapper.framework; name = CoreGraphics.framework; path = System/Library/Frameworks/CoreGraphics.framework; sourceTree = SDKROOT; };
		5F423A6418FC115200C3ED75 /* UIKit.framework */ = {isa = PBXFileReference; lastKnownFileType = wrapper.framework; name = UIKit.framework; path = System/Library/Frameworks/UIKit.framework; sourceTree = SDKROOT; };
		5F423A6818FC115200C3ED75 /* Festify-Info.plist */ = {isa = PBXFileReference; lastKnownFileType = text.plist.xml; path = "Festify-Info.plist"; sourceTree = "<group>"; };
		5F423A6A18FC115200C3ED75 /* en */ = {isa = PBXFileReference; lastKnownFileType = text.plist.strings; name = en; path = en.lproj/InfoPlist.strings; sourceTree = "<group>"; };
		5F423A6C18FC115200C3ED75 /* main.m */ = {isa = PBXFileReference; lastKnownFileType = sourcecode.c.objc; path = main.m; sourceTree = "<group>"; };
		5F423A6E18FC115200C3ED75 /* Festify-Prefix.pch */ = {isa = PBXFileReference; lastKnownFileType = sourcecode.c.h; path = "Festify-Prefix.pch"; sourceTree = "<group>"; };
		5F423A6F18FC115200C3ED75 /* PGAppDelegate.h */ = {isa = PBXFileReference; lastKnownFileType = sourcecode.c.h; path = PGAppDelegate.h; sourceTree = "<group>"; };
		5F423A7018FC115200C3ED75 /* PGAppDelegate.m */ = {isa = PBXFileReference; lastKnownFileType = sourcecode.c.objc; path = PGAppDelegate.m; sourceTree = "<group>"; };
		5F423A7218FC115200C3ED75 /* Images.xcassets */ = {isa = PBXFileReference; lastKnownFileType = folder.assetcatalog; path = Images.xcassets; sourceTree = "<group>"; };
		5F423A7818FC115200C3ED75 /* FestifyTests.xctest */ = {isa = PBXFileReference; explicitFileType = wrapper.cfbundle; includeInIndex = 0; path = FestifyTests.xctest; sourceTree = BUILT_PRODUCTS_DIR; };
		5F423A7918FC115200C3ED75 /* XCTest.framework */ = {isa = PBXFileReference; lastKnownFileType = wrapper.framework; name = XCTest.framework; path = Library/Frameworks/XCTest.framework; sourceTree = DEVELOPER_DIR; };
		5F423A8118FC115200C3ED75 /* FestifyTests-Info.plist */ = {isa = PBXFileReference; lastKnownFileType = text.plist.xml; path = "FestifyTests-Info.plist"; sourceTree = "<group>"; };
		5F423A8318FC115200C3ED75 /* en */ = {isa = PBXFileReference; lastKnownFileType = text.plist.strings; name = en; path = en.lproj/InfoPlist.strings; sourceTree = "<group>"; };
		5F423A8518FC115200C3ED75 /* FestifyTests.m */ = {isa = PBXFileReference; lastKnownFileType = sourcecode.c.objc; path = FestifyTests.m; sourceTree = "<group>"; };
		5F423A8F18FC118B00C3ED75 /* Storyboard.storyboard */ = {isa = PBXFileReference; fileEncoding = 4; lastKnownFileType = file.storyboard; path = Storyboard.storyboard; sourceTree = "<group>"; };
		5F521D2C18FF013800B915B7 /* PGFestifyViewController.h */ = {isa = PBXFileReference; fileEncoding = 4; lastKnownFileType = sourcecode.c.h; path = PGFestifyViewController.h; sourceTree = "<group>"; };
		5F521D2D18FF013800B915B7 /* PGFestifyViewController.m */ = {isa = PBXFileReference; fileEncoding = 4; lastKnownFileType = sourcecode.c.objc; path = PGFestifyViewController.m; sourceTree = "<group>"; };
		5F5A162118FC535100E408DC /* PGDiscoveryManager.h */ = {isa = PBXFileReference; fileEncoding = 4; lastKnownFileType = sourcecode.c.h; path = PGDiscoveryManager.h; sourceTree = "<group>"; };
		5F5A162218FC535100E408DC /* PGDiscoveryManager.m */ = {isa = PBXFileReference; fileEncoding = 4; lastKnownFileType = sourcecode.c.objc; path = PGDiscoveryManager.m; sourceTree = "<group>"; };
		5F5A162418FC53DA00E408DC /* CoreBluetooth.framework */ = {isa = PBXFileReference; lastKnownFileType = wrapper.framework; name = CoreBluetooth.framework; path = System/Library/Frameworks/CoreBluetooth.framework; sourceTree = SDKROOT; };
		5F88928E18FEFA6000620589 /* PGLoginViewController.h */ = {isa = PBXFileReference; fileEncoding = 4; lastKnownFileType = sourcecode.c.h; path = PGLoginViewController.h; sourceTree = "<group>"; };
		5F88928F18FEFA6000620589 /* PGLoginViewController.m */ = {isa = PBXFileReference; fileEncoding = 4; lastKnownFileType = sourcecode.c.objc; path = PGLoginViewController.m; sourceTree = "<group>"; };
/* End PBXFileReference section */

/* Begin PBXFrameworksBuildPhase section */
		5F423A5A18FC115200C3ED75 /* Frameworks */ = {
			isa = PBXFrameworksBuildPhase;
			buildActionMask = 2147483647;
			files = (
				5F089B6118FD2B5F002476CB /* iAd.framework in Frameworks */,
				5F5A162518FC53DA00E408DC /* CoreBluetooth.framework in Frameworks */,
				5F1F9BD718FC31B70030A64B /* AVFoundation.framework in Frameworks */,
				5F423A6318FC115200C3ED75 /* CoreGraphics.framework in Frameworks */,
				5F423A6518FC115200C3ED75 /* UIKit.framework in Frameworks */,
				5F423A6118FC115200C3ED75 /* Foundation.framework in Frameworks */,
				5F1F9BD518FC31B10030A64B /* Spotify.framework in Frameworks */,
			);
			runOnlyForDeploymentPostprocessing = 0;
		};
		5F423A7518FC115200C3ED75 /* Frameworks */ = {
			isa = PBXFrameworksBuildPhase;
			buildActionMask = 2147483647;
			files = (
				5F423A7A18FC115200C3ED75 /* XCTest.framework in Frameworks */,
				5F423A7C18FC115200C3ED75 /* UIKit.framework in Frameworks */,
				5F423A7B18FC115200C3ED75 /* Foundation.framework in Frameworks */,
			);
			runOnlyForDeploymentPostprocessing = 0;
		};
/* End PBXFrameworksBuildPhase section */

/* Begin PBXGroup section */
		5F423A5418FC115200C3ED75 = {
			isa = PBXGroup;
			children = (
				5F423A6618FC115200C3ED75 /* Festify */,
				5F423A7F18FC115200C3ED75 /* FestifyTests */,
				5F423A5F18FC115200C3ED75 /* Frameworks */,
				5F423A5E18FC115200C3ED75 /* Products */,
			);
			sourceTree = "<group>";
		};
		5F423A5E18FC115200C3ED75 /* Products */ = {
			isa = PBXGroup;
			children = (
				5F423A5D18FC115200C3ED75 /* Festify.app */,
				5F423A7818FC115200C3ED75 /* FestifyTests.xctest */,
			);
			name = Products;
			sourceTree = "<group>";
		};
		5F423A5F18FC115200C3ED75 /* Frameworks */ = {
			isa = PBXGroup;
			children = (
				5F089B6018FD2B5F002476CB /* iAd.framework */,
				5F5A162418FC53DA00E408DC /* CoreBluetooth.framework */,
				5F1F9BD618FC31B70030A64B /* AVFoundation.framework */,
				5F1F9BD418FC31B10030A64B /* Spotify.framework */,
				5F423A6018FC115200C3ED75 /* Foundation.framework */,
				5F423A6218FC115200C3ED75 /* CoreGraphics.framework */,
				5F423A6418FC115200C3ED75 /* UIKit.framework */,
				5F423A7918FC115200C3ED75 /* XCTest.framework */,
			);
			name = Frameworks;
			sourceTree = "<group>";
		};
		5F423A6618FC115200C3ED75 /* Festify */ = {
			isa = PBXGroup;
			children = (
				5F423A7218FC115200C3ED75 /* Images.xcassets */,
				5F0956C418FDAE5F00ECB853 /* NSMutableArray+Shuffling.h */,
				5F0956C518FDAE5F00ECB853 /* NSMutableArray+Shuffling.m */,
				5F423A6F18FC115200C3ED75 /* PGAppDelegate.h */,
				5F423A7018FC115200C3ED75 /* PGAppDelegate.m */,
				5F5A162118FC535100E408DC /* PGDiscoveryManager.h */,
				5F5A162218FC535100E408DC /* PGDiscoveryManager.m */,
				5F089B6518FD56A3002476CB /* PGFestifyTrackProvider.h */,
				5F089B6618FD56A3002476CB /* PGFestifyTrackProvider.m */,
				5F521D2C18FF013800B915B7 /* PGFestifyViewController.h */,
				5F521D2D18FF013800B915B7 /* PGFestifyViewController.m */,
				5F88928E18FEFA6000620589 /* PGLoginViewController.h */,
				5F88928F18FEFA6000620589 /* PGLoginViewController.m */,
				5F089B5D18FD169B002476CB /* PGSettingsViewController.h */,
				5F089B5E18FD169B002476CB /* PGSettingsViewController.m */,
				5F1CF46118FD9782009E4791 /* PGPlayerViewController.h */,
				5F1CF46218FD9782009E4791 /* PGPlayerViewController.m */,
				5F423A8F18FC118B00C3ED75 /* Storyboard.storyboard */,
				5F423A6718FC115200C3ED75 /* Supporting Files */,
			);
			path = Festify;
			sourceTree = "<group>";
		};
		5F423A6718FC115200C3ED75 /* Supporting Files */ = {
			isa = PBXGroup;
			children = (
				5F423A6818FC115200C3ED75 /* Festify-Info.plist */,
				5F423A6918FC115200C3ED75 /* InfoPlist.strings */,
				5F423A6C18FC115200C3ED75 /* main.m */,
				5F423A6E18FC115200C3ED75 /* Festify-Prefix.pch */,
			);
			name = "Supporting Files";
			sourceTree = "<group>";
		};
		5F423A7F18FC115200C3ED75 /* FestifyTests */ = {
			isa = PBXGroup;
			children = (
				5F423A8518FC115200C3ED75 /* FestifyTests.m */,
				5F423A8018FC115200C3ED75 /* Supporting Files */,
			);
			path = FestifyTests;
			sourceTree = "<group>";
		};
		5F423A8018FC115200C3ED75 /* Supporting Files */ = {
			isa = PBXGroup;
			children = (
				5F423A8118FC115200C3ED75 /* FestifyTests-Info.plist */,
				5F423A8218FC115200C3ED75 /* InfoPlist.strings */,
			);
			name = "Supporting Files";
			sourceTree = "<group>";
		};
/* End PBXGroup section */

/* Begin PBXNativeTarget section */
		5F423A5C18FC115200C3ED75 /* Festify */ = {
			isa = PBXNativeTarget;
			buildConfigurationList = 5F423A8918FC115200C3ED75 /* Build configuration list for PBXNativeTarget "Festify" */;
			buildPhases = (
				5F423A5918FC115200C3ED75 /* Sources */,
				5F423A5A18FC115200C3ED75 /* Frameworks */,
				5F423A5B18FC115200C3ED75 /* Resources */,
			);
			buildRules = (
			);
			dependencies = (
			);
			name = Festify;
			productName = Festify;
			productReference = 5F423A5D18FC115200C3ED75 /* Festify.app */;
			productType = "com.apple.product-type.application";
		};
		5F423A7718FC115200C3ED75 /* FestifyTests */ = {
			isa = PBXNativeTarget;
			buildConfigurationList = 5F423A8C18FC115200C3ED75 /* Build configuration list for PBXNativeTarget "FestifyTests" */;
			buildPhases = (
				5F423A7418FC115200C3ED75 /* Sources */,
				5F423A7518FC115200C3ED75 /* Frameworks */,
				5F423A7618FC115200C3ED75 /* Resources */,
			);
			buildRules = (
			);
			dependencies = (
				5F423A7E18FC115200C3ED75 /* PBXTargetDependency */,
			);
			name = FestifyTests;
			productName = FestifyTests;
			productReference = 5F423A7818FC115200C3ED75 /* FestifyTests.xctest */;
			productType = "com.apple.product-type.bundle.unit-test";
		};
/* End PBXNativeTarget section */

/* Begin PBXProject section */
		5F423A5518FC115200C3ED75 /* Project object */ = {
			isa = PBXProject;
			attributes = {
				CLASSPREFIX = PG;
				LastUpgradeCheck = 0510;
				ORGANIZATIONNAME = "Patrik Gebhardt";
				TargetAttributes = {
					5F423A5C18FC115200C3ED75 = {
						DevelopmentTeam = V8TY8K4K9P;
						SystemCapabilities = {
							com.apple.BackgroundModes = {
								enabled = 1;
							};
						};
					};
					5F423A7718FC115200C3ED75 = {
						TestTargetID = 5F423A5C18FC115200C3ED75;
					};
				};
			};
			buildConfigurationList = 5F423A5818FC115200C3ED75 /* Build configuration list for PBXProject "Festify" */;
			compatibilityVersion = "Xcode 3.2";
			developmentRegion = English;
			hasScannedForEncodings = 0;
			knownRegions = (
				en,
			);
			mainGroup = 5F423A5418FC115200C3ED75;
			productRefGroup = 5F423A5E18FC115200C3ED75 /* Products */;
			projectDirPath = "";
			projectRoot = "";
			targets = (
				5F423A5C18FC115200C3ED75 /* Festify */,
				5F423A7718FC115200C3ED75 /* FestifyTests */,
			);
		};
/* End PBXProject section */

/* Begin PBXResourcesBuildPhase section */
		5F423A5B18FC115200C3ED75 /* Resources */ = {
			isa = PBXResourcesBuildPhase;
			buildActionMask = 2147483647;
			files = (
				5F423A6B18FC115200C3ED75 /* InfoPlist.strings in Resources */,
				5F423A7318FC115200C3ED75 /* Images.xcassets in Resources */,
				5F423A9018FC118B00C3ED75 /* Storyboard.storyboard in Resources */,
			);
			runOnlyForDeploymentPostprocessing = 0;
		};
		5F423A7618FC115200C3ED75 /* Resources */ = {
			isa = PBXResourcesBuildPhase;
			buildActionMask = 2147483647;
			files = (
				5F423A8418FC115200C3ED75 /* InfoPlist.strings in Resources */,
			);
			runOnlyForDeploymentPostprocessing = 0;
		};
/* End PBXResourcesBuildPhase section */

/* Begin PBXSourcesBuildPhase section */
		5F423A5918FC115200C3ED75 /* Sources */ = {
			isa = PBXSourcesBuildPhase;
			buildActionMask = 2147483647;
			files = (
				5F089B6718FD56A3002476CB /* PGFestifyTrackProvider.m in Sources */,
				5F88929018FEFA6000620589 /* PGLoginViewController.m in Sources */,
				5F089B5F18FD169B002476CB /* PGSettingsViewController.m in Sources */,
				5F5A162318FC535100E408DC /* PGDiscoveryManager.m in Sources */,
				5F423A6D18FC115200C3ED75 /* main.m in Sources */,
				5F521D2E18FF013800B915B7 /* PGFestifyViewController.m in Sources */,
				5F423A7118FC115200C3ED75 /* PGAppDelegate.m in Sources */,
				5F0956C618FDAE5F00ECB853 /* NSMutableArray+Shuffling.m in Sources */,
				5F1CF46318FD9782009E4791 /* PGPlayerViewController.m in Sources */,
			);
			runOnlyForDeploymentPostprocessing = 0;
		};
		5F423A7418FC115200C3ED75 /* Sources */ = {
			isa = PBXSourcesBuildPhase;
			buildActionMask = 2147483647;
			files = (
				5F423A8618FC115200C3ED75 /* FestifyTests.m in Sources */,
			);
			runOnlyForDeploymentPostprocessing = 0;
		};
/* End PBXSourcesBuildPhase section */

/* Begin PBXTargetDependency section */
		5F423A7E18FC115200C3ED75 /* PBXTargetDependency */ = {
			isa = PBXTargetDependency;
			target = 5F423A5C18FC115200C3ED75 /* Festify */;
			targetProxy = 5F423A7D18FC115200C3ED75 /* PBXContainerItemProxy */;
		};
/* End PBXTargetDependency section */

/* Begin PBXVariantGroup section */
		5F423A6918FC115200C3ED75 /* InfoPlist.strings */ = {
			isa = PBXVariantGroup;
			children = (
				5F423A6A18FC115200C3ED75 /* en */,
			);
			name = InfoPlist.strings;
			sourceTree = "<group>";
		};
		5F423A8218FC115200C3ED75 /* InfoPlist.strings */ = {
			isa = PBXVariantGroup;
			children = (
				5F423A8318FC115200C3ED75 /* en */,
			);
			name = InfoPlist.strings;
			sourceTree = "<group>";
		};
/* End PBXVariantGroup section */

/* Begin XCBuildConfiguration section */
		5F423A8718FC115200C3ED75 /* Debug */ = {
			isa = XCBuildConfiguration;
			buildSettings = {
				ALWAYS_SEARCH_USER_PATHS = NO;
				CLANG_CXX_LANGUAGE_STANDARD = "gnu++0x";
				CLANG_CXX_LIBRARY = "libc++";
				CLANG_ENABLE_MODULES = YES;
				CLANG_ENABLE_OBJC_ARC = YES;
				CLANG_WARN_BOOL_CONVERSION = YES;
				CLANG_WARN_CONSTANT_CONVERSION = YES;
				CLANG_WARN_DIRECT_OBJC_ISA_USAGE = YES_ERROR;
				CLANG_WARN_EMPTY_BODY = YES;
				CLANG_WARN_ENUM_CONVERSION = YES;
				CLANG_WARN_INT_CONVERSION = YES;
				CLANG_WARN_OBJC_ROOT_CLASS = YES_ERROR;
				CLANG_WARN__DUPLICATE_METHOD_MATCH = YES;
				"CODE_SIGN_IDENTITY[sdk=iphoneos*]" = "iPhone Developer";
				COPY_PHASE_STRIP = NO;
				GCC_C_LANGUAGE_STANDARD = gnu99;
				GCC_DYNAMIC_NO_PIC = NO;
				GCC_OPTIMIZATION_LEVEL = 0;
				GCC_PREPROCESSOR_DEFINITIONS = (
					"DEBUG=1",
					"$(inherited)",
				);
				GCC_SYMBOLS_PRIVATE_EXTERN = NO;
				GCC_WARN_64_TO_32_BIT_CONVERSION = YES;
				GCC_WARN_ABOUT_RETURN_TYPE = YES_ERROR;
				GCC_WARN_UNDECLARED_SELECTOR = YES;
				GCC_WARN_UNINITIALIZED_AUTOS = YES_AGGRESSIVE;
				GCC_WARN_UNUSED_FUNCTION = YES;
				GCC_WARN_UNUSED_VARIABLE = YES;
				IPHONEOS_DEPLOYMENT_TARGET = 7.1;
				ONLY_ACTIVE_ARCH = YES;
				SDKROOT = iphoneos;
			};
			name = Debug;
		};
		5F423A8818FC115200C3ED75 /* Release */ = {
			isa = XCBuildConfiguration;
			buildSettings = {
				ALWAYS_SEARCH_USER_PATHS = NO;
				CLANG_CXX_LANGUAGE_STANDARD = "gnu++0x";
				CLANG_CXX_LIBRARY = "libc++";
				CLANG_ENABLE_MODULES = YES;
				CLANG_ENABLE_OBJC_ARC = YES;
				CLANG_WARN_BOOL_CONVERSION = YES;
				CLANG_WARN_CONSTANT_CONVERSION = YES;
				CLANG_WARN_DIRECT_OBJC_ISA_USAGE = YES_ERROR;
				CLANG_WARN_EMPTY_BODY = YES;
				CLANG_WARN_ENUM_CONVERSION = YES;
				CLANG_WARN_INT_CONVERSION = YES;
				CLANG_WARN_OBJC_ROOT_CLASS = YES_ERROR;
				CLANG_WARN__DUPLICATE_METHOD_MATCH = YES;
				"CODE_SIGN_IDENTITY[sdk=iphoneos*]" = "iPhone Developer";
				COPY_PHASE_STRIP = YES;
				ENABLE_NS_ASSERTIONS = NO;
				GCC_C_LANGUAGE_STANDARD = gnu99;
				GCC_WARN_64_TO_32_BIT_CONVERSION = YES;
				GCC_WARN_ABOUT_RETURN_TYPE = YES_ERROR;
				GCC_WARN_UNDECLARED_SELECTOR = YES;
				GCC_WARN_UNINITIALIZED_AUTOS = YES_AGGRESSIVE;
				GCC_WARN_UNUSED_FUNCTION = YES;
				GCC_WARN_UNUSED_VARIABLE = YES;
				IPHONEOS_DEPLOYMENT_TARGET = 7.1;
				SDKROOT = iphoneos;
				VALIDATE_PRODUCT = YES;
			};
			name = Release;
		};
		5F423A8A18FC115200C3ED75 /* Debug */ = {
			isa = XCBuildConfiguration;
			buildSettings = {
				ASSETCATALOG_COMPILER_APPICON_NAME = AppIcon;
				ASSETCATALOG_COMPILER_LAUNCHIMAGE_NAME = LaunchImage;
				CODE_SIGN_IDENTITY = "iPhone Developer";
				FRAMEWORK_SEARCH_PATHS = (
					"$(inherited)",
					"$(PROJECT_DIR)",
				);
				GCC_PRECOMPILE_PREFIX_HEADER = YES;
				GCC_PREFIX_HEADER = "Festify/Festify-Prefix.pch";
				INFOPLIST_FILE = "Festify/Festify-Info.plist";
				OTHER_LDFLAGS = "-ObjC";
				PRODUCT_NAME = "$(TARGET_NAME)";
				WRAPPER_EXTENSION = app;
			};
			name = Debug;
		};
		5F423A8B18FC115200C3ED75 /* Release */ = {
			isa = XCBuildConfiguration;
			buildSettings = {
				ASSETCATALOG_COMPILER_APPICON_NAME = AppIcon;
				ASSETCATALOG_COMPILER_LAUNCHIMAGE_NAME = LaunchImage;
				CODE_SIGN_IDENTITY = "iPhone Developer";
				FRAMEWORK_SEARCH_PATHS = (
					"$(inherited)",
					"$(PROJECT_DIR)",
				);
				GCC_PRECOMPILE_PREFIX_HEADER = YES;
				GCC_PREFIX_HEADER = "Festify/Festify-Prefix.pch";
				INFOPLIST_FILE = "Festify/Festify-Info.plist";
				OTHER_LDFLAGS = "-ObjC";
				PRODUCT_NAME = "$(TARGET_NAME)";
				WRAPPER_EXTENSION = app;
			};
			name = Release;
		};
		5F423A8D18FC115200C3ED75 /* Debug */ = {
			isa = XCBuildConfiguration;
			buildSettings = {
				BUNDLE_LOADER = "$(BUILT_PRODUCTS_DIR)/Festify.app/Festify";
				FRAMEWORK_SEARCH_PATHS = (
					"$(SDKROOT)/Developer/Library/Frameworks",
					"$(inherited)",
					"$(DEVELOPER_FRAMEWORKS_DIR)",
				);
				GCC_PRECOMPILE_PREFIX_HEADER = YES;
				GCC_PREFIX_HEADER = "Festify/Festify-Prefix.pch";
				GCC_PREPROCESSOR_DEFINITIONS = (
					"DEBUG=1",
					"$(inherited)",
				);
				INFOPLIST_FILE = "FestifyTests/FestifyTests-Info.plist";
				PRODUCT_NAME = "$(TARGET_NAME)";
				TEST_HOST = "$(BUNDLE_LOADER)";
				WRAPPER_EXTENSION = xctest;
			};
			name = Debug;
		};
		5F423A8E18FC115200C3ED75 /* Release */ = {
			isa = XCBuildConfiguration;
			buildSettings = {
				BUNDLE_LOADER = "$(BUILT_PRODUCTS_DIR)/Festify.app/Festify";
				FRAMEWORK_SEARCH_PATHS = (
					"$(SDKROOT)/Developer/Library/Frameworks",
					"$(inherited)",
					"$(DEVELOPER_FRAMEWORKS_DIR)",
				);
				GCC_PRECOMPILE_PREFIX_HEADER = YES;
				GCC_PREFIX_HEADER = "Festify/Festify-Prefix.pch";
				INFOPLIST_FILE = "FestifyTests/FestifyTests-Info.plist";
				PRODUCT_NAME = "$(TARGET_NAME)";
				TEST_HOST = "$(BUNDLE_LOADER)";
				WRAPPER_EXTENSION = xctest;
			};
			name = Release;
		};
/* End XCBuildConfiguration section */

/* Begin XCConfigurationList section */
		5F423A5818FC115200C3ED75 /* Build configuration list for PBXProject "Festify" */ = {
			isa = XCConfigurationList;
			buildConfigurations = (
				5F423A8718FC115200C3ED75 /* Debug */,
				5F423A8818FC115200C3ED75 /* Release */,
			);
			defaultConfigurationIsVisible = 0;
			defaultConfigurationName = Release;
		};
		5F423A8918FC115200C3ED75 /* Build configuration list for PBXNativeTarget "Festify" */ = {
			isa = XCConfigurationList;
			buildConfigurations = (
				5F423A8A18FC115200C3ED75 /* Debug */,
				5F423A8B18FC115200C3ED75 /* Release */,
			);
			defaultConfigurationIsVisible = 0;
			defaultConfigurationName = Release;
		};
		5F423A8C18FC115200C3ED75 /* Build configuration list for PBXNativeTarget "FestifyTests" */ = {
			isa = XCConfigurationList;
			buildConfigurations = (
				5F423A8D18FC115200C3ED75 /* Debug */,
				5F423A8E18FC115200C3ED75 /* Release */,
			);
			defaultConfigurationIsVisible = 0;
			defaultConfigurationName = Release;
		};
/* End XCConfigurationList section */
	};
	rootObject = 5F423A5518FC115200C3ED75 /* Project object */;
}
