// !$*UTF8*$!
{
	archiveVersion = 1;
	classes = {
	};
	objectVersion = 46;
	objects = {

/* Begin PBXBuildFile section */
		5F036AB21926C16900B4F3B9 /* SPTRequest+MultipleItems.m in Sources */ = {isa = PBXBuildFile; fileRef = 5F036AB11926C16900B4F3B9 /* SPTRequest+MultipleItems.m */; };
		5F089B5F18FD169B002476CB /* SMSettingsViewController.m in Sources */ = {isa = PBXBuildFile; fileRef = 5F089B5E18FD169B002476CB /* SMSettingsViewController.m */; };
		5F089B6718FD56A3002476CB /* SMTrackProvider.m in Sources */ = {isa = PBXBuildFile; fileRef = 5F089B6618FD56A3002476CB /* SMTrackProvider.m */; };
		5F0BB149190F0554000E96F3 /* SMTrackPlayer.m in Sources */ = {isa = PBXBuildFile; fileRef = 5F0BB148190F0554000E96F3 /* SMTrackPlayer.m */; };
		5F12D32A1902774E00B49FCA /* MediaPlayer.framework in Frameworks */ = {isa = PBXBuildFile; fileRef = 5F12D3291902774E00B49FCA /* MediaPlayer.framework */; };
		5F14581119127DAE00F5A80C /* MWLogging.m in Sources */ = {isa = PBXBuildFile; fileRef = 5F14581019127DAE00F5A80C /* MWLogging.m */; };
		5F15E0B919124BC8006CDDBF /* SMSettingSelectionViewController.m in Sources */ = {isa = PBXBuildFile; fileRef = 5F15E0B819124BC8006CDDBF /* SMSettingSelectionViewController.m */; };
		5F1CF46318FD9782009E4791 /* SMPlayerViewController.m in Sources */ = {isa = PBXBuildFile; fileRef = 5F1CF46218FD9782009E4791 /* SMPlayerViewController.m */; };
		5F1F9BD718FC31B70030A64B /* AVFoundation.framework in Frameworks */ = {isa = PBXBuildFile; fileRef = 5F1F9BD618FC31B70030A64B /* AVFoundation.framework */; };
		5F2123B6191E815D00849778 /* Pods-acknowledgements.plist in Resources */ = {isa = PBXBuildFile; fileRef = 5F2123B5191E815D00849778 /* Pods-acknowledgements.plist */; };
		5F28F7631901288D00A0468A /* libz.dylib in Frameworks */ = {isa = PBXBuildFile; fileRef = 5F28F7621901288D00A0468A /* libz.dylib */; };
		5F3297591952CAAB007D8999 /* Spotify.framework in Frameworks */ = {isa = PBXBuildFile; fileRef = 5F3297581952CAAB007D8999 /* Spotify.framework */; };
		5F32975C1952CF14007D8999 /* SPTPlaylistSnapshot+AllTracks.m in Sources */ = {isa = PBXBuildFile; fileRef = 5F32975B1952CF14007D8999 /* SPTPlaylistSnapshot+AllTracks.m */; };
		5F33D7301954C2D600FE67F0 /* AppDelegate.swift in Sources */ = {isa = PBXBuildFile; fileRef = 5F33D72F1954C2D600FE67F0 /* AppDelegate.swift */; };
		5F423A6318FC115200C3ED75 /* CoreGraphics.framework in Frameworks */ = {isa = PBXBuildFile; fileRef = 5F423A6218FC115200C3ED75 /* CoreGraphics.framework */; };
		5F423A6518FC115200C3ED75 /* UIKit.framework in Frameworks */ = {isa = PBXBuildFile; fileRef = 5F423A6418FC115200C3ED75 /* UIKit.framework */; };
		5F423A6B18FC115200C3ED75 /* InfoPlist.strings in Resources */ = {isa = PBXBuildFile; fileRef = 5F423A6918FC115200C3ED75 /* InfoPlist.strings */; };
		5F423A7318FC115200C3ED75 /* Images.xcassets in Resources */ = {isa = PBXBuildFile; fileRef = 5F423A7218FC115200C3ED75 /* Images.xcassets */; };
		5F423A7A18FC115200C3ED75 /* XCTest.framework in Frameworks */ = {isa = PBXBuildFile; fileRef = 5F423A7918FC115200C3ED75 /* XCTest.framework */; };
		5F423A7B18FC115200C3ED75 /* Foundation.framework in Frameworks */ = {isa = PBXBuildFile; fileRef = 5F423A6018FC115200C3ED75 /* Foundation.framework */; };
		5F423A7C18FC115200C3ED75 /* UIKit.framework in Frameworks */ = {isa = PBXBuildFile; fileRef = 5F423A6418FC115200C3ED75 /* UIKit.framework */; };
		5F423A8418FC115200C3ED75 /* InfoPlist.strings in Resources */ = {isa = PBXBuildFile; fileRef = 5F423A8218FC115200C3ED75 /* InfoPlist.strings */; };
		5F423A8618FC115200C3ED75 /* FestifyTests.m in Sources */ = {isa = PBXBuildFile; fileRef = 5F423A8518FC115200C3ED75 /* FestifyTests.m */; };
		5F423A9018FC118B00C3ED75 /* Storyboard.storyboard in Resources */ = {isa = PBXBuildFile; fileRef = 5F423A8F18FC118B00C3ED75 /* Storyboard.storyboard */; };
		5F521D2E18FF013800B915B7 /* SMFestifyViewController.m in Sources */ = {isa = PBXBuildFile; fileRef = 5F521D2D18FF013800B915B7 /* SMFestifyViewController.m */; };
		5F521D52191C0DDB00E525A2 /* SMUsersViewController.m in Sources */ = {isa = PBXBuildFile; fileRef = 5F521D51191C0DDB00E525A2 /* SMUsersViewController.m */; };
		5F5A162318FC535100E408DC /* SMDiscoveryManager.m in Sources */ = {isa = PBXBuildFile; fileRef = 5F5A162218FC535100E408DC /* SMDiscoveryManager.m */; };
		5F5A162518FC53DA00E408DC /* CoreBluetooth.framework in Frameworks */ = {isa = PBXBuildFile; fileRef = 5F5A162418FC53DA00E408DC /* CoreBluetooth.framework */; };
		5F6543A71954E686000DAB15 /* LoginViewController.swift in Sources */ = {isa = PBXBuildFile; fileRef = 5F6543A61954E686000DAB15 /* LoginViewController.swift */; };
		5F7DB9BE190C55790077F648 /* QuartzCore.framework in Frameworks */ = {isa = PBXBuildFile; fileRef = 5F7DB9BD190C55790077F648 /* QuartzCore.framework */; };
		5F7DB9C2190C558C0077F648 /* SystemConfiguration.framework in Frameworks */ = {isa = PBXBuildFile; fileRef = 5F7DB9C1190C558C0077F648 /* SystemConfiguration.framework */; };
		5F7F9EA81955A82F0027AF5D /* PlaylistViewController.swift in Sources */ = {isa = PBXBuildFile; fileRef = 5F7F9EA71955A82F0027AF5D /* PlaylistViewController.swift */; };
		5FAD80621921487D0086DABD /* SMTrackPlayerBarViewController.m in Sources */ = {isa = PBXBuildFile; fileRef = 5FAD80611921487D0086DABD /* SMTrackPlayerBarViewController.m */; };
		5FADE2F819119B47006F96A5 /* MessageUI.framework in Frameworks */ = {isa = PBXBuildFile; fileRef = 5F2079A1190C1DB700AAE15A /* MessageUI.framework */; };
		5FBAF29F1956253D00C63031 /* FestifyButtonViewController.swift in Sources */ = {isa = PBXBuildFile; fileRef = 5FBAF29E1956253D00C63031 /* FestifyButtonViewController.swift */; };
		A384BE757DB84CC6A27976C5 /* libPods.a in Frameworks */ = {isa = PBXBuildFile; fileRef = 15CEA90CA33A460DB3A7DAF3 /* libPods.a */; };
/* End PBXBuildFile section */

/* Begin PBXContainerItemProxy section */
		5F423A7D18FC115200C3ED75 /* PBXContainerItemProxy */ = {
			isa = PBXContainerItemProxy;
			containerPortal = 5F423A5518FC115200C3ED75 /* Project object */;
			proxyType = 1;
			remoteGlobalIDString = 5F423A5C18FC115200C3ED75;
			remoteInfo = Festify;
		};
/* End PBXContainerItemProxy section */

/* Begin PBXFileReference section */
		15CEA90CA33A460DB3A7DAF3 /* libPods.a */ = {isa = PBXFileReference; explicitFileType = archive.ar; includeInIndex = 0; path = libPods.a; sourceTree = BUILT_PRODUCTS_DIR; };
		5F036AB01926C16900B4F3B9 /* SPTRequest+MultipleItems.h */ = {isa = PBXFileReference; fileEncoding = 4; lastKnownFileType = sourcecode.c.h; path = "SPTRequest+MultipleItems.h"; sourceTree = "<group>"; };
		5F036AB11926C16900B4F3B9 /* SPTRequest+MultipleItems.m */ = {isa = PBXFileReference; fileEncoding = 4; lastKnownFileType = sourcecode.c.objc; path = "SPTRequest+MultipleItems.m"; sourceTree = "<group>"; };
		5F089B5D18FD169B002476CB /* SMSettingsViewController.h */ = {isa = PBXFileReference; fileEncoding = 4; lastKnownFileType = sourcecode.c.h; path = SMSettingsViewController.h; sourceTree = "<group>"; };
		5F089B5E18FD169B002476CB /* SMSettingsViewController.m */ = {isa = PBXFileReference; fileEncoding = 4; lastKnownFileType = sourcecode.c.objc; path = SMSettingsViewController.m; sourceTree = "<group>"; };
		5F089B6018FD2B5F002476CB /* iAd.framework */ = {isa = PBXFileReference; lastKnownFileType = wrapper.framework; name = iAd.framework; path = System/Library/Frameworks/iAd.framework; sourceTree = SDKROOT; };
		5F089B6518FD56A3002476CB /* SMTrackProvider.h */ = {isa = PBXFileReference; fileEncoding = 4; lastKnownFileType = sourcecode.c.h; path = SMTrackProvider.h; sourceTree = "<group>"; };
		5F089B6618FD56A3002476CB /* SMTrackProvider.m */ = {isa = PBXFileReference; fileEncoding = 4; lastKnownFileType = sourcecode.c.objc; path = SMTrackProvider.m; sourceTree = "<group>"; };
		5F0BB147190F0554000E96F3 /* SMTrackPlayer.h */ = {isa = PBXFileReference; fileEncoding = 4; lastKnownFileType = sourcecode.c.h; path = SMTrackPlayer.h; sourceTree = "<group>"; };
		5F0BB148190F0554000E96F3 /* SMTrackPlayer.m */ = {isa = PBXFileReference; fileEncoding = 4; lastKnownFileType = sourcecode.c.objc; path = SMTrackPlayer.m; sourceTree = "<group>"; };
		5F12D3291902774E00B49FCA /* MediaPlayer.framework */ = {isa = PBXFileReference; lastKnownFileType = wrapper.framework; name = MediaPlayer.framework; path = System/Library/Frameworks/MediaPlayer.framework; sourceTree = SDKROOT; };
		5F14580F19127DAE00F5A80C /* MWLogging.h */ = {isa = PBXFileReference; fileEncoding = 4; lastKnownFileType = sourcecode.c.h; path = MWLogging.h; sourceTree = "<group>"; };
		5F14581019127DAE00F5A80C /* MWLogging.m */ = {isa = PBXFileReference; fileEncoding = 4; lastKnownFileType = sourcecode.c.objc; path = MWLogging.m; sourceTree = "<group>"; };
		5F15E0B719124BC8006CDDBF /* SMSettingSelectionViewController.h */ = {isa = PBXFileReference; fileEncoding = 4; lastKnownFileType = sourcecode.c.h; path = SMSettingSelectionViewController.h; sourceTree = "<group>"; };
		5F15E0B819124BC8006CDDBF /* SMSettingSelectionViewController.m */ = {isa = PBXFileReference; fileEncoding = 4; lastKnownFileType = sourcecode.c.objc; path = SMSettingSelectionViewController.m; sourceTree = "<group>"; };
		5F1CF46118FD9782009E4791 /* SMPlayerViewController.h */ = {isa = PBXFileReference; fileEncoding = 4; lastKnownFileType = sourcecode.c.h; path = SMPlayerViewController.h; sourceTree = "<group>"; };
		5F1CF46218FD9782009E4791 /* SMPlayerViewController.m */ = {isa = PBXFileReference; fileEncoding = 4; lastKnownFileType = sourcecode.c.objc; path = SMPlayerViewController.m; sourceTree = "<group>"; };
		5F1F9BD618FC31B70030A64B /* AVFoundation.framework */ = {isa = PBXFileReference; lastKnownFileType = wrapper.framework; name = AVFoundation.framework; path = System/Library/Frameworks/AVFoundation.framework; sourceTree = SDKROOT; };
		5F20799F190C1DB000AAE15A /* Social.framework */ = {isa = PBXFileReference; lastKnownFileType = wrapper.framework; name = Social.framework; path = System/Library/Frameworks/Social.framework; sourceTree = SDKROOT; };
		5F2079A1190C1DB700AAE15A /* MessageUI.framework */ = {isa = PBXFileReference; lastKnownFileType = wrapper.framework; name = MessageUI.framework; path = System/Library/Frameworks/MessageUI.framework; sourceTree = SDKROOT; };
		5F2123B5191E815D00849778 /* Pods-acknowledgements.plist */ = {isa = PBXFileReference; fileEncoding = 4; lastKnownFileType = text.plist.xml; name = "Pods-acknowledgements.plist"; path = "../Pods/Pods-acknowledgements.plist"; sourceTree = "<group>"; };
		5F28F7621901288D00A0468A /* libz.dylib */ = {isa = PBXFileReference; lastKnownFileType = "compiled.mach-o.dylib"; name = libz.dylib; path = usr/lib/libz.dylib; sourceTree = SDKROOT; };
		5F3297581952CAAB007D8999 /* Spotify.framework */ = {isa = PBXFileReference; lastKnownFileType = wrapper.framework; path = Spotify.framework; sourceTree = "<group>"; };
		5F32975A1952CF14007D8999 /* SPTPlaylistSnapshot+AllTracks.h */ = {isa = PBXFileReference; fileEncoding = 4; lastKnownFileType = sourcecode.c.h; path = "SPTPlaylistSnapshot+AllTracks.h"; sourceTree = "<group>"; };
		5F32975B1952CF14007D8999 /* SPTPlaylistSnapshot+AllTracks.m */ = {isa = PBXFileReference; fileEncoding = 4; lastKnownFileType = sourcecode.c.objc; path = "SPTPlaylistSnapshot+AllTracks.m"; sourceTree = "<group>"; };
		5F33D72E1954C2D600FE67F0 /* Festify-Bridging-Header.h */ = {isa = PBXFileReference; lastKnownFileType = sourcecode.c.h; path = "Festify-Bridging-Header.h"; sourceTree = "<group>"; };
		5F33D72F1954C2D600FE67F0 /* AppDelegate.swift */ = {isa = PBXFileReference; fileEncoding = 4; lastKnownFileType = sourcecode.swift; path = AppDelegate.swift; sourceTree = "<group>"; };
		5F423A5D18FC115200C3ED75 /* Festify.app */ = {isa = PBXFileReference; explicitFileType = wrapper.application; includeInIndex = 0; path = Festify.app; sourceTree = BUILT_PRODUCTS_DIR; };
		5F423A6018FC115200C3ED75 /* Foundation.framework */ = {isa = PBXFileReference; lastKnownFileType = wrapper.framework; name = Foundation.framework; path = System/Library/Frameworks/Foundation.framework; sourceTree = SDKROOT; };
		5F423A6218FC115200C3ED75 /* CoreGraphics.framework */ = {isa = PBXFileReference; lastKnownFileType = wrapper.framework; name = CoreGraphics.framework; path = System/Library/Frameworks/CoreGraphics.framework; sourceTree = SDKROOT; };
		5F423A6418FC115200C3ED75 /* UIKit.framework */ = {isa = PBXFileReference; lastKnownFileType = wrapper.framework; name = UIKit.framework; path = System/Library/Frameworks/UIKit.framework; sourceTree = SDKROOT; };
		5F423A6818FC115200C3ED75 /* Festify-Info.plist */ = {isa = PBXFileReference; lastKnownFileType = text.plist.xml; path = "Festify-Info.plist"; sourceTree = "<group>"; };
		5F423A6A18FC115200C3ED75 /* en */ = {isa = PBXFileReference; lastKnownFileType = text.plist.strings; name = en; path = en.lproj/InfoPlist.strings; sourceTree = "<group>"; };
		5F423A6E18FC115200C3ED75 /* Festify-Prefix.pch */ = {isa = PBXFileReference; lastKnownFileType = sourcecode.c.h; path = "Festify-Prefix.pch"; sourceTree = "<group>"; };
		5F423A7218FC115200C3ED75 /* Images.xcassets */ = {isa = PBXFileReference; lastKnownFileType = folder.assetcatalog; path = Images.xcassets; sourceTree = "<group>"; };
		5F423A7818FC115200C3ED75 /* FestifyTests.xctest */ = {isa = PBXFileReference; explicitFileType = wrapper.cfbundle; includeInIndex = 0; path = FestifyTests.xctest; sourceTree = BUILT_PRODUCTS_DIR; };
		5F423A7918FC115200C3ED75 /* XCTest.framework */ = {isa = PBXFileReference; lastKnownFileType = wrapper.framework; name = XCTest.framework; path = Library/Frameworks/XCTest.framework; sourceTree = DEVELOPER_DIR; };
		5F423A8118FC115200C3ED75 /* FestifyTests-Info.plist */ = {isa = PBXFileReference; lastKnownFileType = text.plist.xml; path = "FestifyTests-Info.plist"; sourceTree = "<group>"; };
		5F423A8318FC115200C3ED75 /* en */ = {isa = PBXFileReference; lastKnownFileType = text.plist.strings; name = en; path = en.lproj/InfoPlist.strings; sourceTree = "<group>"; };
		5F423A8518FC115200C3ED75 /* FestifyTests.m */ = {isa = PBXFileReference; lastKnownFileType = sourcecode.c.objc; path = FestifyTests.m; sourceTree = "<group>"; };
		5F423A8F18FC118B00C3ED75 /* Storyboard.storyboard */ = {isa = PBXFileReference; fileEncoding = 4; lastKnownFileType = file.storyboard; path = Storyboard.storyboard; sourceTree = "<group>"; };
		5F521D2C18FF013800B915B7 /* SMFestifyViewController.h */ = {isa = PBXFileReference; fileEncoding = 4; lastKnownFileType = sourcecode.c.h; path = SMFestifyViewController.h; sourceTree = "<group>"; };
		5F521D2D18FF013800B915B7 /* SMFestifyViewController.m */ = {isa = PBXFileReference; fileEncoding = 4; lastKnownFileType = sourcecode.c.objc; path = SMFestifyViewController.m; sourceTree = "<group>"; };
		5F521D50191C0DDB00E525A2 /* SMUsersViewController.h */ = {isa = PBXFileReference; fileEncoding = 4; lastKnownFileType = sourcecode.c.h; path = SMUsersViewController.h; sourceTree = "<group>"; };
		5F521D51191C0DDB00E525A2 /* SMUsersViewController.m */ = {isa = PBXFileReference; fileEncoding = 4; lastKnownFileType = sourcecode.c.objc; path = SMUsersViewController.m; sourceTree = "<group>"; };
		5F5A162118FC535100E408DC /* SMDiscoveryManager.h */ = {isa = PBXFileReference; fileEncoding = 4; lastKnownFileType = sourcecode.c.h; path = SMDiscoveryManager.h; sourceTree = "<group>"; };
		5F5A162218FC535100E408DC /* SMDiscoveryManager.m */ = {isa = PBXFileReference; fileEncoding = 4; lastKnownFileType = sourcecode.c.objc; path = SMDiscoveryManager.m; sourceTree = "<group>"; };
		5F5A162418FC53DA00E408DC /* CoreBluetooth.framework */ = {isa = PBXFileReference; lastKnownFileType = wrapper.framework; name = CoreBluetooth.framework; path = System/Library/Frameworks/CoreBluetooth.framework; sourceTree = SDKROOT; };
		5F6543A61954E686000DAB15 /* LoginViewController.swift */ = {isa = PBXFileReference; fileEncoding = 4; lastKnownFileType = sourcecode.swift; path = LoginViewController.swift; sourceTree = "<group>"; };
		5F7DB9B5190C55530077F648 /* Accelerate.framework */ = {isa = PBXFileReference; lastKnownFileType = wrapper.framework; name = Accelerate.framework; path = System/Library/Frameworks/Accelerate.framework; sourceTree = SDKROOT; };
		5F7DB9B7190C555B0077F648 /* CoreData.framework */ = {isa = PBXFileReference; lastKnownFileType = wrapper.framework; name = CoreData.framework; path = System/Library/Frameworks/CoreData.framework; sourceTree = SDKROOT; };
		5F7DB9B9190C55640077F648 /* CoreText.framework */ = {isa = PBXFileReference; lastKnownFileType = wrapper.framework; name = CoreText.framework; path = System/Library/Frameworks/CoreText.framework; sourceTree = SDKROOT; };
		5F7DB9BB190C556E0077F648 /* CoreTelephony.framework */ = {isa = PBXFileReference; lastKnownFileType = wrapper.framework; name = CoreTelephony.framework; path = System/Library/Frameworks/CoreTelephony.framework; sourceTree = SDKROOT; };
		5F7DB9BD190C55790077F648 /* QuartzCore.framework */ = {isa = PBXFileReference; lastKnownFileType = wrapper.framework; name = QuartzCore.framework; path = System/Library/Frameworks/QuartzCore.framework; sourceTree = SDKROOT; };
		5F7DB9C1190C558C0077F648 /* SystemConfiguration.framework */ = {isa = PBXFileReference; lastKnownFileType = wrapper.framework; name = SystemConfiguration.framework; path = System/Library/Frameworks/SystemConfiguration.framework; sourceTree = SDKROOT; };
		5F7DB9C3190C55BB0077F648 /* AssetsLibrary.framework */ = {isa = PBXFileReference; lastKnownFileType = wrapper.framework; name = AssetsLibrary.framework; path = System/Library/Frameworks/AssetsLibrary.framework; sourceTree = SDKROOT; };
		5F7F9EA71955A82F0027AF5D /* PlaylistViewController.swift */ = {isa = PBXFileReference; fileEncoding = 4; lastKnownFileType = sourcecode.swift; path = PlaylistViewController.swift; sourceTree = "<group>"; };
		5F89FD5B1906339A00752072 /* SMUserDefaults.h */ = {isa = PBXFileReference; fileEncoding = 4; lastKnownFileType = sourcecode.c.h; path = SMUserDefaults.h; sourceTree = "<group>"; };
		5FAD80601921487D0086DABD /* SMTrackPlayerBarViewController.h */ = {isa = PBXFileReference; fileEncoding = 4; lastKnownFileType = sourcecode.c.h; path = SMTrackPlayerBarViewController.h; sourceTree = "<group>"; };
		5FAD80611921487D0086DABD /* SMTrackPlayerBarViewController.m */ = {isa = PBXFileReference; fileEncoding = 4; lastKnownFileType = sourcecode.c.objc; path = SMTrackPlayerBarViewController.m; sourceTree = "<group>"; };
		5FBAF29E1956253D00C63031 /* FestifyButtonViewController.swift */ = {isa = PBXFileReference; fileEncoding = 4; lastKnownFileType = sourcecode.swift; path = FestifyButtonViewController.swift; sourceTree = "<group>"; };
		A413B68A804A40FDB5EB7BFA /* Pods.xcconfig */ = {isa = PBXFileReference; includeInIndex = 1; lastKnownFileType = text.xcconfig; name = Pods.xcconfig; path = Pods/Pods.xcconfig; sourceTree = "<group>"; };
/* End PBXFileReference section */

/* Begin PBXFrameworksBuildPhase section */
		5F423A5A18FC115200C3ED75 /* Frameworks */ = {
			isa = PBXFrameworksBuildPhase;
			buildActionMask = 2147483647;
			files = (
				5FADE2F819119B47006F96A5 /* MessageUI.framework in Frameworks */,
				5F7DB9C2190C558C0077F648 /* SystemConfiguration.framework in Frameworks */,
				5F3297591952CAAB007D8999 /* Spotify.framework in Frameworks */,
				5F7DB9BE190C55790077F648 /* QuartzCore.framework in Frameworks */,
				5F12D32A1902774E00B49FCA /* MediaPlayer.framework in Frameworks */,
				5F28F7631901288D00A0468A /* libz.dylib in Frameworks */,
				5F5A162518FC53DA00E408DC /* CoreBluetooth.framework in Frameworks */,
				5F1F9BD718FC31B70030A64B /* AVFoundation.framework in Frameworks */,
				5F423A6318FC115200C3ED75 /* CoreGraphics.framework in Frameworks */,
				5F423A6518FC115200C3ED75 /* UIKit.framework in Frameworks */,
				A384BE757DB84CC6A27976C5 /* libPods.a in Frameworks */,
			);
			runOnlyForDeploymentPostprocessing = 0;
		};
		5F423A7518FC115200C3ED75 /* Frameworks */ = {
			isa = PBXFrameworksBuildPhase;
			buildActionMask = 2147483647;
			files = (
				5F423A7A18FC115200C3ED75 /* XCTest.framework in Frameworks */,
				5F423A7C18FC115200C3ED75 /* UIKit.framework in Frameworks */,
				5F423A7B18FC115200C3ED75 /* Foundation.framework in Frameworks */,
			);
			runOnlyForDeploymentPostprocessing = 0;
		};
/* End PBXFrameworksBuildPhase section */

/* Begin PBXGroup section */
		5F1E97B21902E5880009B675 /* Extensions */ = {
			isa = PBXGroup;
			children = (
				5F036AB01926C16900B4F3B9 /* SPTRequest+MultipleItems.h */,
				5F036AB11926C16900B4F3B9 /* SPTRequest+MultipleItems.m */,
				5F14580F19127DAE00F5A80C /* MWLogging.h */,
				5F14581019127DAE00F5A80C /* MWLogging.m */,
				5F32975A1952CF14007D8999 /* SPTPlaylistSnapshot+AllTracks.h */,
				5F32975B1952CF14007D8999 /* SPTPlaylistSnapshot+AllTracks.m */,
			);
			name = Extensions;
			sourceTree = "<group>";
		};
		5F1E97B31902E5A20009B675 /* View Controller */ = {
			isa = PBXGroup;
			children = (
				5FBAF29E1956253D00C63031 /* FestifyButtonViewController.swift */,
				5F6543A61954E686000DAB15 /* LoginViewController.swift */,
				5F7F9EA71955A82F0027AF5D /* PlaylistViewController.swift */,
				5F521D2C18FF013800B915B7 /* SMFestifyViewController.h */,
				5F521D2D18FF013800B915B7 /* SMFestifyViewController.m */,
				5F1CF46118FD9782009E4791 /* SMPlayerViewController.h */,
				5F1CF46218FD9782009E4791 /* SMPlayerViewController.m */,
				5F15E0B719124BC8006CDDBF /* SMSettingSelectionViewController.h */,
				5F15E0B819124BC8006CDDBF /* SMSettingSelectionViewController.m */,
				5F089B5D18FD169B002476CB /* SMSettingsViewController.h */,
				5F089B5E18FD169B002476CB /* SMSettingsViewController.m */,
				5FAD80601921487D0086DABD /* SMTrackPlayerBarViewController.h */,
				5FAD80611921487D0086DABD /* SMTrackPlayerBarViewController.m */,
				5F521D50191C0DDB00E525A2 /* SMUsersViewController.h */,
				5F521D51191C0DDB00E525A2 /* SMUsersViewController.m */,
			);
			name = "View Controller";
			sourceTree = "<group>";
		};
		5F423A5418FC115200C3ED75 = {
			isa = PBXGroup;
			children = (
				5F423A6618FC115200C3ED75 /* Festify */,
				5F423A7F18FC115200C3ED75 /* FestifyTests */,
				5F423A5F18FC115200C3ED75 /* Frameworks */,
				5F423A5E18FC115200C3ED75 /* Products */,
				A413B68A804A40FDB5EB7BFA /* Pods.xcconfig */,
			);
			sourceTree = "<group>";
		};
		5F423A5E18FC115200C3ED75 /* Products */ = {
			isa = PBXGroup;
			children = (
				5F423A5D18FC115200C3ED75 /* Festify.app */,
				5F423A7818FC115200C3ED75 /* FestifyTests.xctest */,
			);
			name = Products;
			sourceTree = "<group>";
		};
		5F423A5F18FC115200C3ED75 /* Frameworks */ = {
			isa = PBXGroup;
			children = (
				5F3297581952CAAB007D8999 /* Spotify.framework */,
				5F7DB9C3190C55BB0077F648 /* AssetsLibrary.framework */,
				5F7DB9C1190C558C0077F648 /* SystemConfiguration.framework */,
				5F7DB9BD190C55790077F648 /* QuartzCore.framework */,
				5F7DB9BB190C556E0077F648 /* CoreTelephony.framework */,
				5F7DB9B9190C55640077F648 /* CoreText.framework */,
				5F7DB9B7190C555B0077F648 /* CoreData.framework */,
				5F7DB9B5190C55530077F648 /* Accelerate.framework */,
				5F2079A1190C1DB700AAE15A /* MessageUI.framework */,
				5F20799F190C1DB000AAE15A /* Social.framework */,
				5F12D3291902774E00B49FCA /* MediaPlayer.framework */,
				5F28F7621901288D00A0468A /* libz.dylib */,
				5F089B6018FD2B5F002476CB /* iAd.framework */,
				5F5A162418FC53DA00E408DC /* CoreBluetooth.framework */,
				5F1F9BD618FC31B70030A64B /* AVFoundation.framework */,
				5F423A6018FC115200C3ED75 /* Foundation.framework */,
				5F423A6218FC115200C3ED75 /* CoreGraphics.framework */,
				5F423A6418FC115200C3ED75 /* UIKit.framework */,
				5F423A7918FC115200C3ED75 /* XCTest.framework */,
				15CEA90CA33A460DB3A7DAF3 /* libPods.a */,
			);
			name = Frameworks;
			sourceTree = "<group>";
		};
		5F423A6618FC115200C3ED75 /* Festify */ = {
			isa = PBXGroup;
			children = (
				5F33D72F1954C2D600FE67F0 /* AppDelegate.swift */,
				5F1E97B21902E5880009B675 /* Extensions */,
				5F33D72E1954C2D600FE67F0 /* Festify-Bridging-Header.h */,
				5F423A7218FC115200C3ED75 /* Images.xcassets */,
				5F5A162118FC535100E408DC /* SMDiscoveryManager.h */,
				5F5A162218FC535100E408DC /* SMDiscoveryManager.m */,
				5F0BB147190F0554000E96F3 /* SMTrackPlayer.h */,
				5F0BB148190F0554000E96F3 /* SMTrackPlayer.m */,
				5F089B6518FD56A3002476CB /* SMTrackProvider.h */,
				5F089B6618FD56A3002476CB /* SMTrackProvider.m */,
				5F89FD5B1906339A00752072 /* SMUserDefaults.h */,
				5F423A8F18FC118B00C3ED75 /* Storyboard.storyboard */,
				5F423A6718FC115200C3ED75 /* Supporting Files */,
				5F1E97B31902E5A20009B675 /* View Controller */,
			);
			path = Festify;
			sourceTree = "<group>";
		};
		5F423A6718FC115200C3ED75 /* Supporting Files */ = {
			isa = PBXGroup;
			children = (
				5F2123B5191E815D00849778 /* Pods-acknowledgements.plist */,
				5F423A6818FC115200C3ED75 /* Festify-Info.plist */,
				5F423A6918FC115200C3ED75 /* InfoPlist.strings */,
				5F423A6E18FC115200C3ED75 /* Festify-Prefix.pch */,
			);
			name = "Supporting Files";
			sourceTree = "<group>";
		};
		5F423A7F18FC115200C3ED75 /* FestifyTests */ = {
			isa = PBXGroup;
			children = (
				5F423A8518FC115200C3ED75 /* FestifyTests.m */,
				5F423A8018FC115200C3ED75 /* Supporting Files */,
			);
			path = FestifyTests;
			sourceTree = "<group>";
		};
		5F423A8018FC115200C3ED75 /* Supporting Files */ = {
			isa = PBXGroup;
			children = (
				5F423A8118FC115200C3ED75 /* FestifyTests-Info.plist */,
				5F423A8218FC115200C3ED75 /* InfoPlist.strings */,
			);
			name = "Supporting Files";
			sourceTree = "<group>";
		};
/* End PBXGroup section */

/* Begin PBXNativeTarget section */
		5F423A5C18FC115200C3ED75 /* Festify */ = {
			isa = PBXNativeTarget;
			buildConfigurationList = 5F423A8918FC115200C3ED75 /* Build configuration list for PBXNativeTarget "Festify" */;
			buildPhases = (
				A44859A677F848B58E8170DB /* Check Pods Manifest.lock */,
				5F423A5918FC115200C3ED75 /* Sources */,
				5F423A5A18FC115200C3ED75 /* Frameworks */,
				5F423A5B18FC115200C3ED75 /* Resources */,
				51A19BA00D1E49DA8719904E /* Copy Pods Resources */,
				5F28F7571901267400A0468A /* ShellScript */,
			);
			buildRules = (
			);
			dependencies = (
			);
			name = Festify;
			productName = Festify;
			productReference = 5F423A5D18FC115200C3ED75 /* Festify.app */;
			productType = "com.apple.product-type.application";
		};
		5F423A7718FC115200C3ED75 /* FestifyTests */ = {
			isa = PBXNativeTarget;
			buildConfigurationList = 5F423A8C18FC115200C3ED75 /* Build configuration list for PBXNativeTarget "FestifyTests" */;
			buildPhases = (
				5F423A7418FC115200C3ED75 /* Sources */,
				5F423A7518FC115200C3ED75 /* Frameworks */,
				5F423A7618FC115200C3ED75 /* Resources */,
			);
			buildRules = (
			);
			dependencies = (
				5F423A7E18FC115200C3ED75 /* PBXTargetDependency */,
			);
			name = FestifyTests;
			productName = FestifyTests;
			productReference = 5F423A7818FC115200C3ED75 /* FestifyTests.xctest */;
			productType = "com.apple.product-type.bundle.unit-test";
		};
/* End PBXNativeTarget section */

/* Begin PBXProject section */
		5F423A5518FC115200C3ED75 /* Project object */ = {
			isa = PBXProject;
			attributes = {
				CLASSPREFIX = SM;
				LastUpgradeCheck = 0510;
				ORGANIZATIONNAME = SchnuffMade;
				TargetAttributes = {
					5F423A5C18FC115200C3ED75 = {
						DevelopmentTeam = V8TY8K4K9P;
						SystemCapabilities = {
							com.apple.BackgroundModes = {
								enabled = 1;
							};
							com.apple.InAppPurchase = {
								enabled = 0;
							};
						};
					};
					5F423A7718FC115200C3ED75 = {
						TestTargetID = 5F423A5C18FC115200C3ED75;
					};
				};
			};
			buildConfigurationList = 5F423A5818FC115200C3ED75 /* Build configuration list for PBXProject "Festify" */;
			compatibilityVersion = "Xcode 3.2";
			developmentRegion = English;
			hasScannedForEncodings = 0;
			knownRegions = (
				en,
			);
			mainGroup = 5F423A5418FC115200C3ED75;
			productRefGroup = 5F423A5E18FC115200C3ED75 /* Products */;
			projectDirPath = "";
			projectRoot = "";
			targets = (
				5F423A5C18FC115200C3ED75 /* Festify */,
				5F423A7718FC115200C3ED75 /* FestifyTests */,
			);
		};
/* End PBXProject section */

/* Begin PBXResourcesBuildPhase section */
		5F423A5B18FC115200C3ED75 /* Resources */ = {
			isa = PBXResourcesBuildPhase;
			buildActionMask = 2147483647;
			files = (
				5F423A6B18FC115200C3ED75 /* InfoPlist.strings in Resources */,
				5F423A7318FC115200C3ED75 /* Images.xcassets in Resources */,
				5F423A9018FC118B00C3ED75 /* Storyboard.storyboard in Resources */,
				5F2123B6191E815D00849778 /* Pods-acknowledgements.plist in Resources */,
			);
			runOnlyForDeploymentPostprocessing = 0;
		};
		5F423A7618FC115200C3ED75 /* Resources */ = {
			isa = PBXResourcesBuildPhase;
			buildActionMask = 2147483647;
			files = (
				5F423A8418FC115200C3ED75 /* InfoPlist.strings in Resources */,
			);
			runOnlyForDeploymentPostprocessing = 0;
		};
/* End PBXResourcesBuildPhase section */

/* Begin PBXShellScriptBuildPhase section */
		51A19BA00D1E49DA8719904E /* Copy Pods Resources */ = {
			isa = PBXShellScriptBuildPhase;
			buildActionMask = 2147483647;
			files = (
			);
			inputPaths = (
			);
			name = "Copy Pods Resources";
			outputPaths = (
			);
			runOnlyForDeploymentPostprocessing = 0;
			shellPath = /bin/sh;
			shellScript = "\"${SRCROOT}/Pods/Pods-resources.sh\"\n";
			showEnvVarsInLog = 0;
		};
		5F28F7571901267400A0468A /* ShellScript */ = {
			isa = PBXShellScriptBuildPhase;
			buildActionMask = 2147483647;
			files = (
			);
			inputPaths = (
			);
			outputPaths = (
			);
			runOnlyForDeploymentPostprocessing = 0;
			shellPath = /bin/sh;
			shellScript = "#Update build number with number of git commits\nbuildNumber=$(git rev-list HEAD | wc -l | tr -d ' ')\n/usr/libexec/PlistBuddy -c \"Set :CFBundleVersion $buildNumber\" \"${PROJECT_DIR}/${INFOPLIST_FILE}\"";
		};
		A44859A677F848B58E8170DB /* Check Pods Manifest.lock */ = {
			isa = PBXShellScriptBuildPhase;
			buildActionMask = 2147483647;
			files = (
			);
			inputPaths = (
			);
			name = "Check Pods Manifest.lock";
			outputPaths = (
			);
			runOnlyForDeploymentPostprocessing = 0;
			shellPath = /bin/sh;
			shellScript = "diff \"${PODS_ROOT}/../Podfile.lock\" \"${PODS_ROOT}/Manifest.lock\" > /dev/null\nif [[ $? != 0 ]] ; then\n    cat << EOM\nerror: The sandbox is not in sync with the Podfile.lock. Run 'pod install' or update your CocoaPods installation.\nEOM\n    exit 1\nfi\n";
			showEnvVarsInLog = 0;
		};
/* End PBXShellScriptBuildPhase section */

/* Begin PBXSourcesBuildPhase section */
		5F423A5918FC115200C3ED75 /* Sources */ = {
			isa = PBXSourcesBuildPhase;
			buildActionMask = 2147483647;
			files = (
				5F32975C1952CF14007D8999 /* SPTPlaylistSnapshot+AllTracks.m in Sources */,
				5F14581119127DAE00F5A80C /* MWLogging.m in Sources */,
				5F521D52191C0DDB00E525A2 /* SMUsersViewController.m in Sources */,
				5FAD80621921487D0086DABD /* SMTrackPlayerBarViewController.m in Sources */,
				5F089B6718FD56A3002476CB /* SMTrackProvider.m in Sources */,
				5F0BB149190F0554000E96F3 /* SMTrackPlayer.m in Sources */,
				5F15E0B919124BC8006CDDBF /* SMSettingSelectionViewController.m in Sources */,
				5FBAF29F1956253D00C63031 /* FestifyButtonViewController.swift in Sources */,
				5F089B5F18FD169B002476CB /* SMSettingsViewController.m in Sources */,
				5F7F9EA81955A82F0027AF5D /* PlaylistViewController.swift in Sources */,
				5F5A162318FC535100E408DC /* SMDiscoveryManager.m in Sources */,
				5F33D7301954C2D600FE67F0 /* AppDelegate.swift in Sources */,
				5F521D2E18FF013800B915B7 /* SMFestifyViewController.m in Sources */,
				5F6543A71954E686000DAB15 /* LoginViewController.swift in Sources */,
				5F1CF46318FD9782009E4791 /* SMPlayerViewController.m in Sources */,
				5F036AB21926C16900B4F3B9 /* SPTRequest+MultipleItems.m in Sources */,
			);
			runOnlyForDeploymentPostprocessing = 0;
		};
		5F423A7418FC115200C3ED75 /* Sources */ = {
			isa = PBXSourcesBuildPhase;
			buildActionMask = 2147483647;
			files = (
				5F423A8618FC115200C3ED75 /* FestifyTests.m in Sources */,
			);
			runOnlyForDeploymentPostprocessing = 0;
		};
/* End PBXSourcesBuildPhase section */

/* Begin PBXTargetDependency section */
		5F423A7E18FC115200C3ED75 /* PBXTargetDependency */ = {
			isa = PBXTargetDependency;
			target = 5F423A5C18FC115200C3ED75 /* Festify */;
			targetProxy = 5F423A7D18FC115200C3ED75 /* PBXContainerItemProxy */;
		};
/* End PBXTargetDependency section */

/* Begin PBXVariantGroup section */
		5F423A6918FC115200C3ED75 /* InfoPlist.strings */ = {
			isa = PBXVariantGroup;
			children = (
				5F423A6A18FC115200C3ED75 /* en */,
			);
			name = InfoPlist.strings;
			sourceTree = "<group>";
		};
		5F423A8218FC115200C3ED75 /* InfoPlist.strings */ = {
			isa = PBXVariantGroup;
			children = (
				5F423A8318FC115200C3ED75 /* en */,
			);
			name = InfoPlist.strings;
			sourceTree = "<group>";
		};
/* End PBXVariantGroup section */

/* Begin XCBuildConfiguration section */
		5F423A8718FC115200C3ED75 /* Debug */ = {
			isa = XCBuildConfiguration;
			buildSettings = {
				ALWAYS_SEARCH_USER_PATHS = NO;
				CLANG_CXX_LANGUAGE_STANDARD = "gnu++0x";
				CLANG_CXX_LIBRARY = "libc++";
				CLANG_ENABLE_MODULES = YES;
				CLANG_ENABLE_OBJC_ARC = YES;
				CLANG_WARN_BOOL_CONVERSION = YES;
				CLANG_WARN_CONSTANT_CONVERSION = YES;
				CLANG_WARN_DIRECT_OBJC_ISA_USAGE = YES_ERROR;
				CLANG_WARN_EMPTY_BODY = YES;
				CLANG_WARN_ENUM_CONVERSION = YES;
				CLANG_WARN_INT_CONVERSION = YES;
				CLANG_WARN_OBJC_ROOT_CLASS = YES_ERROR;
				CLANG_WARN__DUPLICATE_METHOD_MATCH = YES;
				"CODE_SIGN_IDENTITY[sdk=iphoneos*]" = "iPhone Developer";
				COPY_PHASE_STRIP = NO;
				GCC_C_LANGUAGE_STANDARD = gnu99;
				GCC_DYNAMIC_NO_PIC = NO;
				GCC_OPTIMIZATION_LEVEL = 0;
				GCC_PREPROCESSOR_DEFINITIONS = (
					"DEBUG=1",
					"$(inherited)",
				);
				GCC_SYMBOLS_PRIVATE_EXTERN = NO;
				GCC_WARN_64_TO_32_BIT_CONVERSION = YES;
				GCC_WARN_ABOUT_RETURN_TYPE = YES_ERROR;
				GCC_WARN_UNDECLARED_SELECTOR = YES;
				GCC_WARN_UNINITIALIZED_AUTOS = YES_AGGRESSIVE;
				GCC_WARN_UNUSED_FUNCTION = YES;
				GCC_WARN_UNUSED_VARIABLE = YES;
				IPHONEOS_DEPLOYMENT_TARGET = 7.1;
				ONLY_ACTIVE_ARCH = YES;
				SDKROOT = iphoneos;
			};
			name = Debug;
		};
		5F423A8818FC115200C3ED75 /* Release */ = {
			isa = XCBuildConfiguration;
			buildSettings = {
				ALWAYS_SEARCH_USER_PATHS = NO;
				CLANG_CXX_LANGUAGE_STANDARD = "gnu++0x";
				CLANG_CXX_LIBRARY = "libc++";
				CLANG_ENABLE_MODULES = YES;
				CLANG_ENABLE_OBJC_ARC = YES;
				CLANG_WARN_BOOL_CONVERSION = YES;
				CLANG_WARN_CONSTANT_CONVERSION = YES;
				CLANG_WARN_DIRECT_OBJC_ISA_USAGE = YES_ERROR;
				CLANG_WARN_EMPTY_BODY = YES;
				CLANG_WARN_ENUM_CONVERSION = YES;
				CLANG_WARN_INT_CONVERSION = YES;
				CLANG_WARN_OBJC_ROOT_CLASS = YES_ERROR;
				CLANG_WARN__DUPLICATE_METHOD_MATCH = YES;
				"CODE_SIGN_IDENTITY[sdk=iphoneos*]" = "iPhone Developer";
				COPY_PHASE_STRIP = YES;
				ENABLE_NS_ASSERTIONS = NO;
				GCC_C_LANGUAGE_STANDARD = gnu99;
				GCC_WARN_64_TO_32_BIT_CONVERSION = YES;
				GCC_WARN_ABOUT_RETURN_TYPE = YES_ERROR;
				GCC_WARN_UNDECLARED_SELECTOR = YES;
				GCC_WARN_UNINITIALIZED_AUTOS = YES_AGGRESSIVE;
				GCC_WARN_UNUSED_FUNCTION = YES;
				GCC_WARN_UNUSED_VARIABLE = YES;
				IPHONEOS_DEPLOYMENT_TARGET = 7.1;
				SDKROOT = iphoneos;
				VALIDATE_PRODUCT = YES;
			};
			name = Release;
		};
		5F423A8A18FC115200C3ED75 /* Debug */ = {
			isa = XCBuildConfiguration;
			baseConfigurationReference = A413B68A804A40FDB5EB7BFA /* Pods.xcconfig */;
			buildSettings = {
				ASSETCATALOG_COMPILER_APPICON_NAME = AppIcon;
				ASSETCATALOG_COMPILER_LAUNCHIMAGE_NAME = LaunchImage;
				CLANG_ENABLE_MODULES = YES;
				CODE_SIGN_IDENTITY = "iPhone Developer";
				"CODE_SIGN_IDENTITY[sdk=iphoneos*]" = "iPhone Developer";
				FRAMEWORK_SEARCH_PATHS = (
					"$(inherited)",
					"$(PROJECT_DIR)",
				);
				GCC_PRECOMPILE_PREFIX_HEADER = YES;
				GCC_PREFIX_HEADER = "Festify/Festify-Prefix.pch";
				INFOPLIST_FILE = "Festify/Festify-Info.plist";
				IPHONEOS_DEPLOYMENT_TARGET = 7.0;
				LD_RUNPATH_SEARCH_PATHS = "$(inherited) @executable_path/Frameworks";
				LIBRARY_SEARCH_PATHS = "$(inherited)";
				OTHER_LDFLAGS = "-ObjC";
				PRODUCT_NAME = "$(TARGET_NAME)";
				PROVISIONING_PROFILE = "";
				SWIFT_OBJC_BRIDGING_HEADER = "Festify/Festify-Bridging-Header.h";
				SWIFT_OPTIMIZATION_LEVEL = "-Onone";
				WRAPPER_EXTENSION = app;
			};
			name = Debug;
		};
		5F423A8B18FC115200C3ED75 /* Release */ = {
			isa = XCBuildConfiguration;
			baseConfigurationReference = A413B68A804A40FDB5EB7BFA /* Pods.xcconfig */;
			buildSettings = {
				ASSETCATALOG_COMPILER_APPICON_NAME = AppIcon;
				ASSETCATALOG_COMPILER_LAUNCHIMAGE_NAME = LaunchImage;
				CLANG_ENABLE_MODULES = YES;
				CODE_SIGN_IDENTITY = "iPhone Developer";
				"CODE_SIGN_IDENTITY[sdk=iphoneos*]" = "iPhone Developer";
				FRAMEWORK_SEARCH_PATHS = (
					"$(inherited)",
					"$(PROJECT_DIR)",
				);
				GCC_PRECOMPILE_PREFIX_HEADER = YES;
				GCC_PREFIX_HEADER = "Festify/Festify-Prefix.pch";
				INFOPLIST_FILE = "Festify/Festify-Info.plist";
				IPHONEOS_DEPLOYMENT_TARGET = 7.0;
				LD_RUNPATH_SEARCH_PATHS = "$(inherited) @executable_path/Frameworks";
				LIBRARY_SEARCH_PATHS = "$(inherited)";
				OTHER_LDFLAGS = "-ObjC";
				PRODUCT_NAME = "$(TARGET_NAME)";
				PROVISIONING_PROFILE = "";
				SWIFT_OBJC_BRIDGING_HEADER = "Festify/Festify-Bridging-Header.h";
				WRAPPER_EXTENSION = app;
			};
			name = Release;
		};
		5F423A8D18FC115200C3ED75 /* Debug */ = {
			isa = XCBuildConfiguration;
			buildSettings = {
				BUNDLE_LOADER = "$(BUILT_PRODUCTS_DIR)/Festify.app/Festify";
				FRAMEWORK_SEARCH_PATHS = (
					"$(SDKROOT)/Developer/Library/Frameworks",
					"$(inherited)",
					"$(DEVELOPER_FRAMEWORKS_DIR)",
				);
				GCC_PRECOMPILE_PREFIX_HEADER = YES;
				GCC_PREFIX_HEADER = "Festify/Festify-Prefix.pch";
				GCC_PREPROCESSOR_DEFINITIONS = (
					"DEBUG=1",
					"$(inherited)",
				);
				INFOPLIST_FILE = "FestifyTests/FestifyTests-Info.plist";
				PRODUCT_NAME = "$(TARGET_NAME)";
				TEST_HOST = "$(BUNDLE_LOADER)";
				WRAPPER_EXTENSION = xctest;
			};
			name = Debug;
		};
		5F423A8E18FC115200C3ED75 /* Release */ = {
			isa = XCBuildConfiguration;
			buildSettings = {
				BUNDLE_LOADER = "$(BUILT_PRODUCTS_DIR)/Festify.app/Festify";
				FRAMEWORK_SEARCH_PATHS = (
					"$(SDKROOT)/Developer/Library/Frameworks",
					"$(inherited)",
					"$(DEVELOPER_FRAMEWORKS_DIR)",
				);
				GCC_PRECOMPILE_PREFIX_HEADER = YES;
				GCC_PREFIX_HEADER = "Festify/Festify-Prefix.pch";
				INFOPLIST_FILE = "FestifyTests/FestifyTests-Info.plist";
				PRODUCT_NAME = "$(TARGET_NAME)";
				TEST_HOST = "$(BUNDLE_LOADER)";
				WRAPPER_EXTENSION = xctest;
			};
			name = Release;
		};
/* End XCBuildConfiguration section */

/* Begin XCConfigurationList section */
		5F423A5818FC115200C3ED75 /* Build configuration list for PBXProject "Festify" */ = {
			isa = XCConfigurationList;
			buildConfigurations = (
				5F423A8718FC115200C3ED75 /* Debug */,
				5F423A8818FC115200C3ED75 /* Release */,
			);
			defaultConfigurationIsVisible = 0;
			defaultConfigurationName = Release;
		};
		5F423A8918FC115200C3ED75 /* Build configuration list for PBXNativeTarget "Festify" */ = {
			isa = XCConfigurationList;
			buildConfigurations = (
				5F423A8A18FC115200C3ED75 /* Debug */,
				5F423A8B18FC115200C3ED75 /* Release */,
			);
			defaultConfigurationIsVisible = 0;
			defaultConfigurationName = Release;
		};
		5F423A8C18FC115200C3ED75 /* Build configuration list for PBXNativeTarget "FestifyTests" */ = {
			isa = XCConfigurationList;
			buildConfigurations = (
				5F423A8D18FC115200C3ED75 /* Debug */,
				5F423A8E18FC115200C3ED75 /* Release */,
			);
			defaultConfigurationIsVisible = 0;
			defaultConfigurationName = Release;
		};
/* End XCConfigurationList section */
	};
	rootObject = 5F423A5518FC115200C3ED75 /* Project object */;
}
